
Microsoft Visual Studio Solution File, Format Version 12.00
# Visual Studio Version 17
VisualStudioVersion = 17.0.31903.59
MinimumVisualStudioVersion = 10.0.40219.1
Project("{9A19103F-16F7-4668-BE54-9A1E7A4F7556}") = "Prototype", "Prototype\Prototype.csproj", "{E17FDCD4-9358-4F95-A52D-411C86393958}"
EndProject
Project("{9A19103F-16F7-4668-BE54-9A1E7A4F7556}") = "Singleton", "Singleton\Singleton.csproj", "{F8C4AEE0-E72A-4632-BAEA-6EBDC640742E}"
EndProject
Project("{9A19103F-16F7-4668-BE54-9A1E7A4F7556}") = "Builder", "Builder\Builder.csproj", "{700E49FB-8480-4952-8148-B9095C3DA6D2}"
EndProject
Project("{9A19103F-16F7-4668-BE54-9A1E7A4F7556}") = "Factory", "Factory\Factory.csproj", "{4F229F7C-6EBC-4ED9-B5CF-0C7FAAE72CE7}"
EndProject
Project("{9A19103F-16F7-4668-BE54-9A1E7A4F7556}") = "Adapter", "Adapter\Adapter.csproj", "{9D702B2E-6D11-4307-8AFB-600E050D8980}"
EndProject
Project("{9A19103F-16F7-4668-BE54-9A1E7A4F7556}") = "Bridge", "Bridge\Bridge.csproj", "{648A47E6-E303-4189-B205-BC4A3E38B832}"
EndProject
Project("{9A19103F-16F7-4668-BE54-9A1E7A4F7556}") = "Composite", "Composite\Composite.csproj", "{028FA840-6D59-4D5D-9321-3979A6FCC902}"
EndProject
Project("{9A19103F-16F7-4668-BE54-9A1E7A4F7556}") = "Decorator", "Decorator\Decorator.csproj", "{2611579F-44A6-4B71-AA97-76934CB130B8}"
EndProject
Project("{FAE04EC0-301F-11D3-BF4B-00C04F79EFBC}") = "Facade", "Facade\Facade.csproj", "{F3328A45-7BBA-43D0-9D4E-371F2D945599}"
EndProject
Global
	GlobalSection(SolutionConfigurationPlatforms) = preSolution
		Debug|Any CPU = Debug|Any CPU
		Release|Any CPU = Release|Any CPU
	EndGlobalSection
	GlobalSection(ProjectConfigurationPlatforms) = postSolution
		{E17FDCD4-9358-4F95-A52D-411C86393958}.Debug|Any CPU.ActiveCfg = Debug|Any CPU
		{E17FDCD4-9358-4F95-A52D-411C86393958}.Debug|Any CPU.Build.0 = Debug|Any CPU
		{E17FDCD4-9358-4F95-A52D-411C86393958}.Release|Any CPU.ActiveCfg = Release|Any CPU
		{E17FDCD4-9358-4F95-A52D-411C86393958}.Release|Any CPU.Build.0 = Release|Any CPU
		{F8C4AEE0-E72A-4632-BAEA-6EBDC640742E}.Debug|Any CPU.ActiveCfg = Debug|Any CPU
		{F8C4AEE0-E72A-4632-BAEA-6EBDC640742E}.Debug|Any CPU.Build.0 = Debug|Any CPU
		{F8C4AEE0-E72A-4632-BAEA-6EBDC640742E}.Release|Any CPU.ActiveCfg = Release|Any CPU
		{F8C4AEE0-E72A-4632-BAEA-6EBDC640742E}.Release|Any CPU.Build.0 = Release|Any CPU
		{700E49FB-8480-4952-8148-B9095C3DA6D2}.Debug|Any CPU.ActiveCfg = Debug|Any CPU
		{700E49FB-8480-4952-8148-B9095C3DA6D2}.Debug|Any CPU.Build.0 = Debug|Any CPU
		{700E49FB-8480-4952-8148-B9095C3DA6D2}.Release|Any CPU.ActiveCfg = Release|Any CPU
		{700E49FB-8480-4952-8148-B9095C3DA6D2}.Release|Any CPU.Build.0 = Release|Any CPU
		{4F229F7C-6EBC-4ED9-B5CF-0C7FAAE72CE7}.Debug|Any CPU.ActiveCfg = Debug|Any CPU
		{4F229F7C-6EBC-4ED9-B5CF-0C7FAAE72CE7}.Debug|Any CPU.Build.0 = Debug|Any CPU
		{4F229F7C-6EBC-4ED9-B5CF-0C7FAAE72CE7}.Release|Any CPU.ActiveCfg = Release|Any CPU
		{4F229F7C-6EBC-4ED9-B5CF-0C7FAAE72CE7}.Release|Any CPU.Build.0 = Release|Any CPU
		{9D702B2E-6D11-4307-8AFB-600E050D8980}.Debug|Any CPU.ActiveCfg = Debug|Any CPU
		{9D702B2E-6D11-4307-8AFB-600E050D8980}.Debug|Any CPU.Build.0 = Debug|Any CPU
		{9D702B2E-6D11-4307-8AFB-600E050D8980}.Release|Any CPU.ActiveCfg = Release|Any CPU
		{9D702B2E-6D11-4307-8AFB-600E050D8980}.Release|Any CPU.Build.0 = Release|Any CPU
		{648A47E6-E303-4189-B205-BC4A3E38B832}.Debug|Any CPU.ActiveCfg = Debug|Any CPU
		{648A47E6-E303-4189-B205-BC4A3E38B832}.Debug|Any CPU.Build.0 = Debug|Any CPU
		{648A47E6-E303-4189-B205-BC4A3E38B832}.Release|Any CPU.ActiveCfg = Release|Any CPU
		{648A47E6-E303-4189-B205-BC4A3E38B832}.Release|Any CPU.Build.0 = Release|Any CPU
		{028FA840-6D59-4D5D-9321-3979A6FCC902}.Debug|Any CPU.ActiveCfg = Debug|Any CPU
		{028FA840-6D59-4D5D-9321-3979A6FCC902}.Debug|Any CPU.Build.0 = Debug|Any CPU
		{028FA840-6D59-4D5D-9321-3979A6FCC902}.Release|Any CPU.ActiveCfg = Release|Any CPU
		{028FA840-6D59-4D5D-9321-3979A6FCC902}.Release|Any CPU.Build.0 = Release|Any CPU
		{2611579F-44A6-4B71-AA97-76934CB130B8}.Debug|Any CPU.ActiveCfg = Debug|Any CPU
		{2611579F-44A6-4B71-AA97-76934CB130B8}.Debug|Any CPU.Build.0 = Debug|Any CPU
		{2611579F-44A6-4B71-AA97-76934CB130B8}.Release|Any CPU.ActiveCfg = Release|Any CPU
		{2611579F-44A6-4B71-AA97-76934CB130B8}.Release|Any CPU.Build.0 = Release|Any CPU
		{F3328A45-7BBA-43D0-9D4E-371F2D945599}.Debug|Any CPU.ActiveCfg = Debug|Any CPU
		{F3328A45-7BBA-43D0-9D4E-371F2D945599}.Debug|Any CPU.Build.0 = Debug|Any CPU
		{F3328A45-7BBA-43D0-9D4E-371F2D945599}.Release|Any CPU.ActiveCfg = Release|Any CPU
		{F3328A45-7BBA-43D0-9D4E-371F2D945599}.Release|Any CPU.Build.0 = Release|Any CPU
	EndGlobalSection
	GlobalSection(SolutionProperties) = preSolution
		HideSolutionNode = FALSE
	EndGlobalSection
	GlobalSection(ExtensibilityGlobals) = postSolution
		SolutionGuid = {3420482A-12EC-42A7-A6D7-38DD6F013C70}
	EndGlobalSection
EndGlobal
